
Microsoft Visual Studio Solution File, Format Version 12.00
# Visual Studio Version 16
VisualStudioVersion = 16.0.29521.150
MinimumVisualStudioVersion = 10.0.40219.1
Project("{FAE04EC0-301F-11D3-BF4B-00C04F79EFBC}") = "EmployeeScheduler", "EmployeeScheduler\EmployeeScheduler.csproj", "{110F3862-324E-4CFC-8CC4-155CFB4EA0BA}"
EndProject
Global
	GlobalSection(SolutionConfigurationPlatforms) = preSolution
		Debug|Any CPU = Debug|Any CPU
		Release|Any CPU = Release|Any CPU
	EndGlobalSection
	GlobalSection(ProjectConfigurationPlatforms) = postSolution
		{110F3862-324E-4CFC-8CC4-155CFB4EA0BA}.Debug|Any CPU.ActiveCfg = Debug|Any CPU
		{110F3862-324E-4CFC-8CC4-155CFB4EA0BA}.Debug|Any CPU.Build.0 = Debug|Any CPU
		{110F3862-324E-4CFC-8CC4-155CFB4EA0BA}.Release|Any CPU.ActiveCfg = Release|Any CPU
		{110F3862-324E-4CFC-8CC4-155CFB4EA0BA}.Release|Any CPU.Build.0 = Release|Any CPU
	EndGlobalSection
	GlobalSection(SolutionProperties) = preSolution
		HideSolutionNode = FALSE
	EndGlobalSection
	GlobalSection(ExtensibilityGlobals) = postSolution
		SolutionGuid = {B589C6B4-75E9-401A-A640-B0A917C3A49B}
	EndGlobalSection
EndGlobal
