
Microsoft Visual Studio Solution File, Format Version 12.00
# Visual Studio Version 16
VisualStudioVersion = 16.0.29521.150
MinimumVisualStudioVersion = 10.0.40219.1
Project("{9A19103F-16F7-4668-BE54-9A1E7A4F7556}") = "EmployeeScheduler.Web", "EmployeeScheduler.Web\EmployeeScheduler.Web.csproj", "{20146320-5FA4-4185-9C56-E9899418BFE2}"
EndProject
Project("{FAE04EC0-301F-11D3-BF4B-00C04F79EFBC}") = "EmployeeScheduler.Lib", "EmployeeScheduler.Lib\EmployeeScheduler.Lib.csproj", "{B371DAD2-4AE0-4FA3-9A5C-50C4C054731F}"
EndProject
Global
	GlobalSection(SolutionConfigurationPlatforms) = preSolution
		Debug|Any CPU = Debug|Any CPU
		Release|Any CPU = Release|Any CPU
	EndGlobalSection
	GlobalSection(ProjectConfigurationPlatforms) = postSolution
		{20146320-5FA4-4185-9C56-E9899418BFE2}.Debug|Any CPU.ActiveCfg = Debug|Any CPU
		{20146320-5FA4-4185-9C56-E9899418BFE2}.Debug|Any CPU.Build.0 = Debug|Any CPU
		{20146320-5FA4-4185-9C56-E9899418BFE2}.Release|Any CPU.ActiveCfg = Release|Any CPU
		{20146320-5FA4-4185-9C56-E9899418BFE2}.Release|Any CPU.Build.0 = Release|Any CPU
		{B371DAD2-4AE0-4FA3-9A5C-50C4C054731F}.Debug|Any CPU.ActiveCfg = Debug|Any CPU
		{B371DAD2-4AE0-4FA3-9A5C-50C4C054731F}.Debug|Any CPU.Build.0 = Debug|Any CPU
		{B371DAD2-4AE0-4FA3-9A5C-50C4C054731F}.Release|Any CPU.ActiveCfg = Release|Any CPU
		{B371DAD2-4AE0-4FA3-9A5C-50C4C054731F}.Release|Any CPU.Build.0 = Release|Any CPU
	EndGlobalSection
	GlobalSection(SolutionProperties) = preSolution
		HideSolutionNode = FALSE
	EndGlobalSection
	GlobalSection(ExtensibilityGlobals) = postSolution
		SolutionGuid = {350AF426-8C72-43FA-851E-7C2BFD003C94}
	EndGlobalSection
EndGlobal
